
Microsoft Visual Studio Solution File, Format Version 12.00
# Visual Studio Version 16
VisualStudioVersion = 16.0.30517.126
MinimumVisualStudioVersion = 10.0.40219.1
Project("{9A19103F-16F7-4668-BE54-9A1E7A4F7556}") = "MainSms", "MainSms\MainSms.csproj", "{069AA085-8C99-4297-8654-81E40CF31D8E}"
EndProject
Project("{FAE04EC0-301F-11D3-BF4B-00C04F79EFBC}") = "MainSmsTests", "MainSmsTests\MainSmsTests.csproj", "{82DE1B29-5A7D-4A17-86B5-34A4F7E80932}"
EndProject
Project("{FAE04EC0-301F-11D3-BF4B-00C04F79EFBC}") = "MainSmsDebug", "MainSmsDebug\MainSmsDebug.csproj", "{ACAF51C9-75E6-4578-BB3F-68CE8D731FD9}"
EndProject
Global
	GlobalSection(SolutionConfigurationPlatforms) = preSolution
		Debug|Any CPU = Debug|Any CPU
		Release|Any CPU = Release|Any CPU
	EndGlobalSection
	GlobalSection(ProjectConfigurationPlatforms) = postSolution
		{069AA085-8C99-4297-8654-81E40CF31D8E}.Debug|Any CPU.ActiveCfg = Debug|Any CPU
		{069AA085-8C99-4297-8654-81E40CF31D8E}.Debug|Any CPU.Build.0 = Debug|Any CPU
		{069AA085-8C99-4297-8654-81E40CF31D8E}.Release|Any CPU.ActiveCfg = Release|Any CPU
		{069AA085-8C99-4297-8654-81E40CF31D8E}.Release|Any CPU.Build.0 = Release|Any CPU
		{82DE1B29-5A7D-4A17-86B5-34A4F7E80932}.Debug|Any CPU.ActiveCfg = Debug|Any CPU
		{82DE1B29-5A7D-4A17-86B5-34A4F7E80932}.Debug|Any CPU.Build.0 = Debug|Any CPU
		{82DE1B29-5A7D-4A17-86B5-34A4F7E80932}.Release|Any CPU.ActiveCfg = Release|Any CPU
		{82DE1B29-5A7D-4A17-86B5-34A4F7E80932}.Release|Any CPU.Build.0 = Release|Any CPU
		{ACAF51C9-75E6-4578-BB3F-68CE8D731FD9}.Debug|Any CPU.ActiveCfg = Debug|Any CPU
		{ACAF51C9-75E6-4578-BB3F-68CE8D731FD9}.Debug|Any CPU.Build.0 = Debug|Any CPU
		{ACAF51C9-75E6-4578-BB3F-68CE8D731FD9}.Release|Any CPU.ActiveCfg = Release|Any CPU
		{ACAF51C9-75E6-4578-BB3F-68CE8D731FD9}.Release|Any CPU.Build.0 = Release|Any CPU
	EndGlobalSection
	GlobalSection(SolutionProperties) = preSolution
		HideSolutionNode = FALSE
	EndGlobalSection
	GlobalSection(ExtensibilityGlobals) = postSolution
		SolutionGuid = {2EDFD510-5E09-4C18-966A-A01AF7954DC9}
	EndGlobalSection
EndGlobal
